PODS:
  - GRDB.swift (4.4.0):
    - GRDB.swift/standard (= 4.4.0)
  - GRDB.swift/standard (4.4.0)
  - HyperTrack/Objective-C (4.0.1):
    - GRDB.swift (= 4.4.0)
    - HyperTrack/Swift
  - HyperTrack/Swift (4.0.1):
    - GRDB.swift (= 4.4.0)

DEPENDENCIES:
  - HyperTrack/Objective-C (= 4.0.1)

SPEC REPOS:
  https://cdn.cocoapods.org/:
    - GRDB.swift
    - HyperTrack

SPEC CHECKSUMS:
  GRDB.swift: 4f9b6e7efc9470426f6a6de10ec1fee798ff7e43
  HyperTrack: 55d6c6eeb29dae6e989b42931c8db6c567922c4e

PODFILE CHECKSUM: 3f16e5eb0b3357a9b35c032034f4912a306b60f4

COCOAPODS: 1.8.4
